// !$*UTF8*$!
{
	archiveVersion = 1;
	classes = {
	};
	objectVersion = 55;
	objects = {

/* Begin PBXBuildFile section */
		0D92E02727F4D9360099ACBC /* FitnessBrotskyApp.swift in Sources */ = {isa = PBXBuildFile; fileRef = 0D92E02627F4D9360099ACBC /* FitnessBrotskyApp.swift */; };
		0D92E02927F4D9360099ACBC /* ContentView.swift in Sources */ = {isa = PBXBuildFile; fileRef = 0D92E02827F4D9360099ACBC /* ContentView.swift */; };
		0D92E02B27F4D9370099ACBC /* Assets.xcassets in Resources */ = {isa = PBXBuildFile; fileRef = 0D92E02A27F4D9370099ACBC /* Assets.xcassets */; };
		0D92E02E27F4D9370099ACBC /* Preview Assets.xcassets in Resources */ = {isa = PBXBuildFile; fileRef = 0D92E02D27F4D9370099ACBC /* Preview Assets.xcassets */; };
		0D92E03A27F4DB300099ACBC /* GetStarted.swift in Sources */ = {isa = PBXBuildFile; fileRef = 0D92E03927F4DB300099ACBC /* GetStarted.swift */; };
		0D92E03C27F4DC9C0099ACBC /* Gradients.swift in Sources */ = {isa = PBXBuildFile; fileRef = 0D92E03B27F4DC9C0099ACBC /* Gradients.swift */; };
		0D92E03E27F6129D0099ACBC /* Onboaring.swift in Sources */ = {isa = PBXBuildFile; fileRef = 0D92E03D27F6129D0099ACBC /* Onboaring.swift */; };
		0D92E04327F616260099ACBC /* CutomTextFiled.swift in Sources */ = {isa = PBXBuildFile; fileRef = 0D92E04227F616260099ACBC /* CutomTextFiled.swift */; };
		0D92E04527F618940099ACBC /* SignUp.swift in Sources */ = {isa = PBXBuildFile; fileRef = 0D92E04427F618940099ACBC /* SignUp.swift */; };
		0D92E04727F61B360099ACBC /* CustomBottom.swift in Sources */ = {isa = PBXBuildFile; fileRef = 0D92E04627F61B360099ACBC /* CustomBottom.swift */; };
		0D92E04927F61EF10099ACBC /* LabelledDivider.swift in Sources */ = {isa = PBXBuildFile; fileRef = 0D92E04827F61EF10099ACBC /* LabelledDivider.swift */; };
		0D92E04B27F622610099ACBC /* SignIn.swift in Sources */ = {isa = PBXBuildFile; fileRef = 0D92E04A27F622610099ACBC /* SignIn.swift */; };
		0D92E04D27F732870099ACBC /* CompleteProfile.swift in Sources */ = {isa = PBXBuildFile; fileRef = 0D92E04C27F732870099ACBC /* CompleteProfile.swift */; };
		0D92E04F27F7768D0099ACBC /* Goals.swift in Sources */ = {isa = PBXBuildFile; fileRef = 0D92E04E27F7768D0099ACBC /* Goals.swift */; };
		0D92E05127F77A570099ACBC /* Welcome.swift in Sources */ = {isa = PBXBuildFile; fileRef = 0D92E05027F77A570099ACBC /* Welcome.swift */; };
/* End PBXBuildFile section */

/* Begin PBXFileReference section */
		0D92E02327F4D9360099ACBC /* FitnessBrotsky.app */ = {isa = PBXFileReference; explicitFileType = wrapper.application; includeInIndex = 0; path = FitnessBrotsky.app; sourceTree = BUILT_PRODUCTS_DIR; };
		0D92E02627F4D9360099ACBC /* FitnessBrotskyApp.swift */ = {isa = PBXFileReference; lastKnownFileType = sourcecode.swift; path = FitnessBrotskyApp.swift; sourceTree = "<group>"; };
		0D92E02827F4D9360099ACBC /* ContentView.swift */ = {isa = PBXFileReference; lastKnownFileType = sourcecode.swift; path = ContentView.swift; sourceTree = "<group>"; };
		0D92E02A27F4D9370099ACBC /* Assets.xcassets */ = {isa = PBXFileReference; lastKnownFileType = folder.assetcatalog; path = Assets.xcassets; sourceTree = "<group>"; };
		0D92E02D27F4D9370099ACBC /* Preview Assets.xcassets */ = {isa = PBXFileReference; lastKnownFileType = folder.assetcatalog; path = "Preview Assets.xcassets"; sourceTree = "<group>"; };
		0D92E03927F4DB300099ACBC /* GetStarted.swift */ = {isa = PBXFileReference; lastKnownFileType = sourcecode.swift; path = GetStarted.swift; sourceTree = "<group>"; };
		0D92E03B27F4DC9C0099ACBC /* Gradients.swift */ = {isa = PBXFileReference; lastKnownFileType = sourcecode.swift; path = Gradients.swift; sourceTree = "<group>"; };
		0D92E03D27F6129D0099ACBC /* Onboaring.swift */ = {isa = PBXFileReference; lastKnownFileType = sourcecode.swift; path = Onboaring.swift; sourceTree = "<group>"; };
		0D92E04227F616260099ACBC /* CutomTextFiled.swift */ = {isa = PBXFileReference; lastKnownFileType = sourcecode.swift; path = CutomTextFiled.swift; sourceTree = "<group>"; };
		0D92E04427F618940099ACBC /* SignUp.swift */ = {isa = PBXFileReference; lastKnownFileType = sourcecode.swift; path = SignUp.swift; sourceTree = "<group>"; };
		0D92E04627F61B360099ACBC /* CustomBottom.swift */ = {isa = PBXFileReference; lastKnownFileType = sourcecode.swift; path = CustomBottom.swift; sourceTree = "<group>"; };
		0D92E04827F61EF10099ACBC /* LabelledDivider.swift */ = {isa = PBXFileReference; lastKnownFileType = sourcecode.swift; path = LabelledDivider.swift; sourceTree = "<group>"; };
		0D92E04A27F622610099ACBC /* SignIn.swift */ = {isa = PBXFileReference; lastKnownFileType = sourcecode.swift; path = SignIn.swift; sourceTree = "<group>"; };
		0D92E04C27F732870099ACBC /* CompleteProfile.swift */ = {isa = PBXFileReference; lastKnownFileType = sourcecode.swift; path = CompleteProfile.swift; sourceTree = "<group>"; };
		0D92E04E27F7768D0099ACBC /* Goals.swift */ = {isa = PBXFileReference; lastKnownFileType = sourcecode.swift; path = Goals.swift; sourceTree = "<group>"; };
		0D92E05027F77A570099ACBC /* Welcome.swift */ = {isa = PBXFileReference; lastKnownFileType = sourcecode.swift; path = Welcome.swift; sourceTree = "<group>"; };
/* End PBXFileReference section */

/* Begin PBXFrameworksBuildPhase section */
		0D92E02027F4D9360099ACBC /* Frameworks */ = {
			isa = PBXFrameworksBuildPhase;
			buildActionMask = 2147483647;
			files = (
			);
			runOnlyForDeploymentPostprocessing = 0;
		};
/* End PBXFrameworksBuildPhase section */

/* Begin PBXGroup section */
		0D92E01A27F4D9360099ACBC = {
			isa = PBXGroup;
			children = (
				0D92E02527F4D9360099ACBC /* FitnessBrotsky */,
				0D92E02427F4D9360099ACBC /* Products */,
			);
			sourceTree = "<group>";
		};
		0D92E02427F4D9360099ACBC /* Products */ = {
			isa = PBXGroup;
			children = (
				0D92E02327F4D9360099ACBC /* FitnessBrotsky.app */,
			);
			name = Products;
			sourceTree = "<group>";
		};
		0D92E02527F4D9360099ACBC /* FitnessBrotsky */ = {
			isa = PBXGroup;
			children = (
				0D92E03427F4DA820099ACBC /* Core */,
				0D92E02627F4D9360099ACBC /* FitnessBrotskyApp.swift */,
				0D92E02827F4D9360099ACBC /* ContentView.swift */,
				0D92E02A27F4D9370099ACBC /* Assets.xcassets */,
				0D92E02C27F4D9370099ACBC /* Preview Content */,
			);
			path = FitnessBrotsky;
			sourceTree = "<group>";
		};
		0D92E02C27F4D9370099ACBC /* Preview Content */ = {
			isa = PBXGroup;
			children = (
				0D92E02D27F4D9370099ACBC /* Preview Assets.xcassets */,
			);
			path = "Preview Content";
			sourceTree = "<group>";
		};
		0D92E03427F4DA820099ACBC /* Core */ = {
			isa = PBXGroup;
			children = (
				0D92E03527F4DA910099ACBC /* Components */,
				0D92E03F27F614470099ACBC /* Auth */,
				0D92E03727F4DB070099ACBC /* Onboarding */,
			);
			path = Core;
			sourceTree = "<group>";
		};
		0D92E03527F4DA910099ACBC /* Components */ = {
			isa = PBXGroup;
			children = (
				0D92E03B27F4DC9C0099ACBC /* Gradients.swift */,
				0D92E04227F616260099ACBC /* CutomTextFiled.swift */,
				0D92E04627F61B360099ACBC /* CustomBottom.swift */,
				0D92E04827F61EF10099ACBC /* LabelledDivider.swift */,
			);
			path = Components;
			sourceTree = "<group>";
		};
		0D92E03727F4DB070099ACBC /* Onboarding */ = {
			isa = PBXGroup;
			children = (
				0D92E03827F4DB1B0099ACBC /* Views */,
			);
			path = Onboarding;
			sourceTree = "<group>";
		};
		0D92E03827F4DB1B0099ACBC /* Views */ = {
			isa = PBXGroup;
			children = (
				0D92E03927F4DB300099ACBC /* GetStarted.swift */,
				0D92E03D27F6129D0099ACBC /* Onboaring.swift */,
			);
			path = Views;
			sourceTree = "<group>";
		};
		0D92E03F27F614470099ACBC /* Auth */ = {
			isa = PBXGroup;
			children = (
				0D92E04127F614560099ACBC /* Models */,
				0D92E04027F6144D0099ACBC /* Views */,
			);
			path = Auth;
			sourceTree = "<group>";
		};
		0D92E04027F6144D0099ACBC /* Views */ = {
			isa = PBXGroup;
			children = (
				0D92E04427F618940099ACBC /* SignUp.swift */,
				0D92E04A27F622610099ACBC /* SignIn.swift */,
				0D92E04C27F732870099ACBC /* CompleteProfile.swift */,
				0D92E04E27F7768D0099ACBC /* Goals.swift */,
				0D92E05027F77A570099ACBC /* Welcome.swift */,
			);
			path = Views;
			sourceTree = "<group>";
		};
		0D92E04127F614560099ACBC /* Models */ = {
			isa = PBXGroup;
			children = (
			);
			path = Models;
			sourceTree = "<group>";
		};
/* End PBXGroup section */

/* Begin PBXNativeTarget section */
		0D92E02227F4D9360099ACBC /* FitnessBrotsky */ = {
			isa = PBXNativeTarget;
			buildConfigurationList = 0D92E03127F4D9370099ACBC /* Build configuration list for PBXNativeTarget "FitnessBrotsky" */;
			buildPhases = (
				0D92E01F27F4D9360099ACBC /* Sources */,
				0D92E02027F4D9360099ACBC /* Frameworks */,
				0D92E02127F4D9360099ACBC /* Resources */,
			);
			buildRules = (
			);
			dependencies = (
			);
			name = FitnessBrotsky;
			productName = FitnessBrotsky;
			productReference = 0D92E02327F4D9360099ACBC /* FitnessBrotsky.app */;
			productType = "com.apple.product-type.application";
		};
/* End PBXNativeTarget section */

/* Begin PBXProject section */
		0D92E01B27F4D9360099ACBC /* Project object */ = {
			isa = PBXProject;
			attributes = {
				BuildIndependentTargetsInParallel = 1;
				LastSwiftUpdateCheck = 1330;
				LastUpgradeCheck = 1330;
				TargetAttributes = {
					0D92E02227F4D9360099ACBC = {
						CreatedOnToolsVersion = 13.3;
					};
				};
			};
			buildConfigurationList = 0D92E01E27F4D9360099ACBC /* Build configuration list for PBXProject "FitnessBrotsky" */;
			compatibilityVersion = "Xcode 13.0";
			developmentRegion = en;
			hasScannedForEncodings = 0;
			knownRegions = (
				en,
				Base,
			);
			mainGroup = 0D92E01A27F4D9360099ACBC;
			productRefGroup = 0D92E02427F4D9360099ACBC /* Products */;
			projectDirPath = "";
			projectRoot = "";
			targets = (
				0D92E02227F4D9360099ACBC /* FitnessBrotsky */,
			);
		};
/* End PBXProject section */

/* Begin PBXResourcesBuildPhase section */
		0D92E02127F4D9360099ACBC /* Resources */ = {
			isa = PBXResourcesBuildPhase;
			buildActionMask = 2147483647;
			files = (
				0D92E02E27F4D9370099ACBC /* Preview Assets.xcassets in Resources */,
				0D92E02B27F4D9370099ACBC /* Assets.xcassets in Resources */,
			);
			runOnlyForDeploymentPostprocessing = 0;
		};
/* End PBXResourcesBuildPhase section */

/* Begin PBXSourcesBuildPhase section */
		0D92E01F27F4D9360099ACBC /* Sources */ = {
			isa = PBXSourcesBuildPhase;
			buildActionMask = 2147483647;
			files = (
				0D92E04527F618940099ACBC /* SignUp.swift in Sources */,
				0D92E04D27F732870099ACBC /* CompleteProfile.swift in Sources */,
				0D92E04927F61EF10099ACBC /* LabelledDivider.swift in Sources */,
				0D92E03E27F6129D0099ACBC /* Onboaring.swift in Sources */,
				0D92E03A27F4DB300099ACBC /* GetStarted.swift in Sources */,
				0D92E04327F616260099ACBC /* CutomTextFiled.swift in Sources */,
				0D92E05127F77A570099ACBC /* Welcome.swift in Sources */,
				0D92E02927F4D9360099ACBC /* ContentView.swift in Sources */,
				0D92E04727F61B360099ACBC /* CustomBottom.swift in Sources */,
				0D92E04F27F7768D0099ACBC /* Goals.swift in Sources */,
				0D92E04B27F622610099ACBC /* SignIn.swift in Sources */,
				0D92E02727F4D9360099ACBC /* FitnessBrotskyApp.swift in Sources */,
				0D92E03C27F4DC9C0099ACBC /* Gradients.swift in Sources */,
			);
			runOnlyForDeploymentPostprocessing = 0;
		};
/* End PBXSourcesBuildPhase section */

/* Begin XCBuildConfiguration section */
		0D92E02F27F4D9370099ACBC /* Debug */ = {
			isa = XCBuildConfiguration;
			buildSettings = {
				ALWAYS_SEARCH_USER_PATHS = NO;
				CLANG_ANALYZER_NONNULL = YES;
				CLANG_ANALYZER_NUMBER_OBJECT_CONVERSION = YES_AGGRESSIVE;
				CLANG_CXX_LANGUAGE_STANDARD = "gnu++17";
				CLANG_ENABLE_MODULES = YES;
				CLANG_ENABLE_OBJC_ARC = YES;
				CLANG_ENABLE_OBJC_WEAK = YES;
				CLANG_WARN_BLOCK_CAPTURE_AUTORELEASING = YES;
				CLANG_WARN_BOOL_CONVERSION = YES;
				CLANG_WARN_COMMA = YES;
				CLANG_WARN_CONSTANT_CONVERSION = YES;
				CLANG_WARN_DEPRECATED_OBJC_IMPLEMENTATIONS = YES;
				CLANG_WARN_DIRECT_OBJC_ISA_USAGE = YES_ERROR;
				CLANG_WARN_DOCUMENTATION_COMMENTS = YES;
				CLANG_WARN_EMPTY_BODY = YES;
				CLANG_WARN_ENUM_CONVERSION = YES;
				CLANG_WARN_INFINITE_RECURSION = YES;
				CLANG_WARN_INT_CONVERSION = YES;
				CLANG_WARN_NON_LITERAL_NULL_CONVERSION = YES;
				CLANG_WARN_OBJC_IMPLICIT_RETAIN_SELF = YES;
				CLANG_WARN_OBJC_LITERAL_CONVERSION = YES;
				CLANG_WARN_OBJC_ROOT_CLASS = YES_ERROR;
				CLANG_WARN_QUOTED_INCLUDE_IN_FRAMEWORK_HEADER = YES;
				CLANG_WARN_RANGE_LOOP_ANALYSIS = YES;
				CLANG_WARN_STRICT_PROTOTYPES = YES;
				CLANG_WARN_SUSPICIOUS_MOVE = YES;
				CLANG_WARN_UNGUARDED_AVAILABILITY = YES_AGGRESSIVE;
				CLANG_WARN_UNREACHABLE_CODE = YES;
				CLANG_WARN__DUPLICATE_METHOD_MATCH = YES;
				COPY_PHASE_STRIP = NO;
				DEBUG_INFORMATION_FORMAT = dwarf;
				ENABLE_STRICT_OBJC_MSGSEND = YES;
				ENABLE_TESTABILITY = YES;
				GCC_C_LANGUAGE_STANDARD = gnu11;
				GCC_DYNAMIC_NO_PIC = NO;
				GCC_NO_COMMON_BLOCKS = YES;
				GCC_OPTIMIZATION_LEVEL = 0;
				GCC_PREPROCESSOR_DEFINITIONS = (
					"DEBUG=1",
					"$(inherited)",
				);
				GCC_WARN_64_TO_32_BIT_CONVERSION = YES;
				GCC_WARN_ABOUT_RETURN_TYPE = YES_ERROR;
				GCC_WARN_UNDECLARED_SELECTOR = YES;
				GCC_WARN_UNINITIALIZED_AUTOS = YES_AGGRESSIVE;
				GCC_WARN_UNUSED_FUNCTION = YES;
				GCC_WARN_UNUSED_VARIABLE = YES;
				IPHONEOS_DEPLOYMENT_TARGET = 15.4;
				MTL_ENABLE_DEBUG_INFO = INCLUDE_SOURCE;
				MTL_FAST_MATH = YES;
				ONLY_ACTIVE_ARCH = YES;
				SDKROOT = iphoneos;
				SWIFT_ACTIVE_COMPILATION_CONDITIONS = DEBUG;
				SWIFT_OPTIMIZATION_LEVEL = "-Onone";
			};
			name = Debug;
		};
		0D92E03027F4D9370099ACBC /* Release */ = {
			isa = XCBuildConfiguration;
			buildSettings = {
				ALWAYS_SEARCH_USER_PATHS = NO;
				CLANG_ANALYZER_NONNULL = YES;
				CLANG_ANALYZER_NUMBER_OBJECT_CONVERSION = YES_AGGRESSIVE;
				CLANG_CXX_LANGUAGE_STANDARD = "gnu++17";
				CLANG_ENABLE_MODULES = YES;
				CLANG_ENABLE_OBJC_ARC = YES;
				CLANG_ENABLE_OBJC_WEAK = YES;
				CLANG_WARN_BLOCK_CAPTURE_AUTORELEASING = YES;
				CLANG_WARN_BOOL_CONVERSION = YES;
				CLANG_WARN_COMMA = YES;
				CLANG_WARN_CONSTANT_CONVERSION = YES;
				CLANG_WARN_DEPRECATED_OBJC_IMPLEMENTATIONS = YES;
				CLANG_WARN_DIRECT_OBJC_ISA_USAGE = YES_ERROR;
				CLANG_WARN_DOCUMENTATION_COMMENTS = YES;
				CLANG_WARN_EMPTY_BODY = YES;
				CLANG_WARN_ENUM_CONVERSION = YES;
				CLANG_WARN_INFINITE_RECURSION = YES;
				CLANG_WARN_INT_CONVERSION = YES;
				CLANG_WARN_NON_LITERAL_NULL_CONVERSION = YES;
				CLANG_WARN_OBJC_IMPLICIT_RETAIN_SELF = YES;
				CLANG_WARN_OBJC_LITERAL_CONVERSION = YES;
				CLANG_WARN_OBJC_ROOT_CLASS = YES_ERROR;
				CLANG_WARN_QUOTED_INCLUDE_IN_FRAMEWORK_HEADER = YES;
				CLANG_WARN_RANGE_LOOP_ANALYSIS = YES;
				CLANG_WARN_STRICT_PROTOTYPES = YES;
				CLANG_WARN_SUSPICIOUS_MOVE = YES;
				CLANG_WARN_UNGUARDED_AVAILABILITY = YES_AGGRESSIVE;
				CLANG_WARN_UNREACHABLE_CODE = YES;
				CLANG_WARN__DUPLICATE_METHOD_MATCH = YES;
				COPY_PHASE_STRIP = NO;
				DEBUG_INFORMATION_FORMAT = "dwarf-with-dsym";
				ENABLE_NS_ASSERTIONS = NO;
				ENABLE_STRICT_OBJC_MSGSEND = YES;
				GCC_C_LANGUAGE_STANDARD = gnu11;
				GCC_NO_COMMON_BLOCKS = YES;
				GCC_WARN_64_TO_32_BIT_CONVERSION = YES;
				GCC_WARN_ABOUT_RETURN_TYPE = YES_ERROR;
				GCC_WARN_UNDECLARED_SELECTOR = YES;
				GCC_WARN_UNINITIALIZED_AUTOS = YES_AGGRESSIVE;
				GCC_WARN_UNUSED_FUNCTION = YES;
				GCC_WARN_UNUSED_VARIABLE = YES;
				IPHONEOS_DEPLOYMENT_TARGET = 15.4;
				MTL_ENABLE_DEBUG_INFO = NO;
				MTL_FAST_MATH = YES;
				SDKROOT = iphoneos;
				SWIFT_COMPILATION_MODE = wholemodule;
				SWIFT_OPTIMIZATION_LEVEL = "-O";
				VALIDATE_PRODUCT = YES;
			};
			name = Release;
		};
		0D92E03227F4D9370099ACBC /* Debug */ = {
			isa = XCBuildConfiguration;
			buildSettings = {
				ASSETCATALOG_COMPILER_APPICON_NAME = AppIcon;
				ASSETCATALOG_COMPILER_GLOBAL_ACCENT_COLOR_NAME = AccentColor;
				CODE_SIGN_STYLE = Automatic;
				CURRENT_PROJECT_VERSION = 1;
				DEVELOPMENT_ASSET_PATHS = "\"FitnessBrotsky/Preview Content\"";
				DEVELOPMENT_TEAM = K4B335LMWX;
				ENABLE_PREVIEWS = YES;
				GENERATE_INFOPLIST_FILE = YES;
				INFOPLIST_KEY_UIApplicationSceneManifest_Generation = YES;
				INFOPLIST_KEY_UIApplicationSupportsIndirectInputEvents = YES;
				INFOPLIST_KEY_UILaunchScreen_Generation = YES;
				INFOPLIST_KEY_UISupportedInterfaceOrientations_iPad = "UIInterfaceOrientationPortrait UIInterfaceOrientationPortraitUpsideDown UIInterfaceOrientationLandscapeLeft UIInterfaceOrientationLandscapeRight";
				INFOPLIST_KEY_UISupportedInterfaceOrientations_iPhone = "UIInterfaceOrientationPortrait UIInterfaceOrientationLandscapeLeft UIInterfaceOrientationLandscapeRight";
				IPHONEOS_DEPLOYMENT_TARGET = 15.0;
				LD_RUNPATH_SEARCH_PATHS = (
					"$(inherited)",
					"@executable_path/Frameworks",
				);
				MARKETING_VERSION = 1.0;
				PRODUCT_BUNDLE_IDENTIFIER = Brotsky.FitnessBrotsky;
				PRODUCT_NAME = "$(TARGET_NAME)";
				SWIFT_EMIT_LOC_STRINGS = YES;
				SWIFT_VERSION = 5.0;
				TARGETED_DEVICE_FAMILY = "1,2";
			};
			name = Debug;
		};
		0D92E03327F4D9370099ACBC /* Release */ = {
			isa = XCBuildConfiguration;
			buildSettings = {
				ASSETCATALOG_COMPILER_APPICON_NAME = AppIcon;
				ASSETCATALOG_COMPILER_GLOBAL_ACCENT_COLOR_NAME = AccentColor;
				CODE_SIGN_STYLE = Automatic;
				CURRENT_PROJECT_VERSION = 1;
				DEVELOPMENT_ASSET_PATHS = "\"FitnessBrotsky/Preview Content\"";
				DEVELOPMENT_TEAM = K4B335LMWX;
				ENABLE_PREVIEWS = YES;
				GENERATE_INFOPLIST_FILE = YES;
				INFOPLIST_KEY_UIApplicationSceneManifest_Generation = YES;
				INFOPLIST_KEY_UIApplicationSupportsIndirectInputEvents = YES;
				INFOPLIST_KEY_UILaunchScreen_Generation = YES;
				INFOPLIST_KEY_UISupportedInterfaceOrientations_iPad = "UIInterfaceOrientationPortrait UIInterfaceOrientationPortraitUpsideDown UIInterfaceOrientationLandscapeLeft UIInterfaceOrientationLandscapeRight";
				INFOPLIST_KEY_UISupportedInterfaceOrientations_iPhone = "UIInterfaceOrientationPortrait UIInterfaceOrientationLandscapeLeft UIInterfaceOrientationLandscapeRight";
				IPHONEOS_DEPLOYMENT_TARGET = 15.0;
				LD_RUNPATH_SEARCH_PATHS = (
					"$(inherited)",
					"@executable_path/Frameworks",
				);
				MARKETING_VERSION = 1.0;
				PRODUCT_BUNDLE_IDENTIFIER = Brotsky.FitnessBrotsky;
				PRODUCT_NAME = "$(TARGET_NAME)";
				SWIFT_EMIT_LOC_STRINGS = YES;
				SWIFT_VERSION = 5.0;
				TARGETED_DEVICE_FAMILY = "1,2";
			};
			name = Release;
		};
/* End XCBuildConfiguration section */

/* Begin XCConfigurationList section */
		0D92E01E27F4D9360099ACBC /* Build configuration list for PBXProject "FitnessBrotsky" */ = {
			isa = XCConfigurationList;
			buildConfigurations = (
				0D92E02F27F4D9370099ACBC /* Debug */,
				0D92E03027F4D9370099ACBC /* Release */,
			);
			defaultConfigurationIsVisible = 0;
			defaultConfigurationName = Release;
		};
		0D92E03127F4D9370099ACBC /* Build configuration list for PBXNativeTarget "FitnessBrotsky" */ = {
			isa = XCConfigurationList;
			buildConfigurations = (
				0D92E03227F4D9370099ACBC /* Debug */,
				0D92E03327F4D9370099ACBC /* Release */,
			);
			defaultConfigurationIsVisible = 0;
			defaultConfigurationName = Release;
		};
/* End XCConfigurationList section */
	};
	rootObject = 0D92E01B27F4D9360099ACBC /* Project object */;
}
